
Microsoft Visual Studio Solution File, Format Version 12.00
# Visual Studio Version 17
VisualStudioVersion = 17.13.35919.96 d17.13
MinimumVisualStudioVersion = 10.0.40219.1
Project("{FAE04EC0-301F-11D3-BF4B-00C04F79EFBC}") = "PRM392_ClothingStore_BE", "PRM392_ClothingStore_BE\PRM392_ClothingStore_BE.csproj", "{49A76398-57A6-419E-8590-4B33F12347DB}"
EndProject
Project("{FAE04EC0-301F-11D3-BF4B-00C04F79EFBC}") = "DAL", "DAL\DAL.csproj", "{FD4A0EC7-2E4A-490C-AF6C-32F120E948CF}"
EndProject
Project("{FAE04EC0-301F-11D3-BF4B-00C04F79EFBC}") = "BLL", "BLL\BLL.csproj", "{1BCB6AC7-92C5-4936-9230-8B3A69D07B22}"
EndProject
Global
	GlobalSection(SolutionConfigurationPlatforms) = preSolution
		Debug|Any CPU = Debug|Any CPU
		Release|Any CPU = Release|Any CPU
	EndGlobalSection
	GlobalSection(ProjectConfigurationPlatforms) = postSolution
		{49A76398-57A6-419E-8590-4B33F12347DB}.Debug|Any CPU.ActiveCfg = Debug|Any CPU
		{49A76398-57A6-419E-8590-4B33F12347DB}.Debug|Any CPU.Build.0 = Debug|Any CPU
		{49A76398-57A6-419E-8590-4B33F12347DB}.Release|Any CPU.ActiveCfg = Release|Any CPU
		{49A76398-57A6-419E-8590-4B33F12347DB}.Release|Any CPU.Build.0 = Release|Any CPU
		{FD4A0EC7-2E4A-490C-AF6C-32F120E948CF}.Debug|Any CPU.ActiveCfg = Debug|Any CPU
		{FD4A0EC7-2E4A-490C-AF6C-32F120E948CF}.Debug|Any CPU.Build.0 = Debug|Any CPU
		{FD4A0EC7-2E4A-490C-AF6C-32F120E948CF}.Release|Any CPU.ActiveCfg = Release|Any CPU
		{FD4A0EC7-2E4A-490C-AF6C-32F120E948CF}.Release|Any CPU.Build.0 = Release|Any CPU
		{1BCB6AC7-92C5-4936-9230-8B3A69D07B22}.Debug|Any CPU.ActiveCfg = Debug|Any CPU
		{1BCB6AC7-92C5-4936-9230-8B3A69D07B22}.Debug|Any CPU.Build.0 = Debug|Any CPU
		{1BCB6AC7-92C5-4936-9230-8B3A69D07B22}.Release|Any CPU.ActiveCfg = Release|Any CPU
		{1BCB6AC7-92C5-4936-9230-8B3A69D07B22}.Release|Any CPU.Build.0 = Release|Any CPU
	EndGlobalSection
	GlobalSection(SolutionProperties) = preSolution
		HideSolutionNode = FALSE
	EndGlobalSection
	GlobalSection(ExtensibilityGlobals) = postSolution
		SolutionGuid = {8FB0C07A-2D37-4814-BF4D-3F3D70588260}
	EndGlobalSection
EndGlobal
